
Microsoft Visual Studio Solution File, Format Version 12.00
# Visual Studio 14
VisualStudioVersion = 14.0.25420.1
MinimumVisualStudioVersion = 10.0.40219.1
Project("{FAE04EC0-301F-11D3-BF4B-00C04F79EFBC}") = "BankApp", "bankApp\BankApp.csproj", "{3D9E93CB-5ED2-4197-9CE3-A8C6F16CE860}"
	ProjectSection(ProjectDependencies) = postProject
		{22D6A6F8-6975-436D-AB58-7A20542F41A2} = {22D6A6F8-6975-436D-AB58-7A20542F41A2}
	EndProjectSection
EndProject
Project("{FAE04EC0-301F-11D3-BF4B-00C04F79EFBC}") = "WcfSimulateCredit", "WcfSimulateCredit\WcfSimulateCredit.csproj", "{22D6A6F8-6975-436D-AB58-7A20542F41A2}"
EndProject
Global
	GlobalSection(SolutionConfigurationPlatforms) = preSolution
		Debug|Any CPU = Debug|Any CPU
		Release|Any CPU = Release|Any CPU
	EndGlobalSection
	GlobalSection(ProjectConfigurationPlatforms) = postSolution
		{3D9E93CB-5ED2-4197-9CE3-A8C6F16CE860}.Debug|Any CPU.ActiveCfg = Debug|Any CPU
		{3D9E93CB-5ED2-4197-9CE3-A8C6F16CE860}.Debug|Any CPU.Build.0 = Debug|Any CPU
		{3D9E93CB-5ED2-4197-9CE3-A8C6F16CE860}.Release|Any CPU.ActiveCfg = Release|Any CPU
		{3D9E93CB-5ED2-4197-9CE3-A8C6F16CE860}.Release|Any CPU.Build.0 = Release|Any CPU
		{22D6A6F8-6975-436D-AB58-7A20542F41A2}.Debug|Any CPU.ActiveCfg = Debug|Any CPU
		{22D6A6F8-6975-436D-AB58-7A20542F41A2}.Debug|Any CPU.Build.0 = Debug|Any CPU
		{22D6A6F8-6975-436D-AB58-7A20542F41A2}.Release|Any CPU.ActiveCfg = Release|Any CPU
		{22D6A6F8-6975-436D-AB58-7A20542F41A2}.Release|Any CPU.Build.0 = Release|Any CPU
	EndGlobalSection
	GlobalSection(SolutionProperties) = preSolution
		HideSolutionNode = FALSE
	EndGlobalSection
EndGlobal
